
Microsoft Visual Studio Solution File, Format Version 12.00
# Visual Studio Version 17
VisualStudioVersion = 17.12.35514.174 d17.12
MinimumVisualStudioVersion = 10.0.40219.1
Project("{FAE04EC0-301F-11D3-BF4B-00C04F79EFBC}") = "Rocketseat_Fundamentos_C_Sharp", "Rocketseat_Fundamentos_C_Sharp.csproj", "{F9AF8C5A-5D8C-4265-9FA7-1138E0977BDE}"
EndProject
Global
	GlobalSection(SolutionConfigurationPlatforms) = preSolution
		Debug|Any CPU = Debug|Any CPU
		Release|Any CPU = Release|Any CPU
	EndGlobalSection
	GlobalSection(ProjectConfigurationPlatforms) = postSolution
		{F9AF8C5A-5D8C-4265-9FA7-1138E0977BDE}.Debug|Any CPU.ActiveCfg = Debug|Any CPU
		{F9AF8C5A-5D8C-4265-9FA7-1138E0977BDE}.Debug|Any CPU.Build.0 = Debug|Any CPU
		{F9AF8C5A-5D8C-4265-9FA7-1138E0977BDE}.Release|Any CPU.ActiveCfg = Release|Any CPU
		{F9AF8C5A-5D8C-4265-9FA7-1138E0977BDE}.Release|Any CPU.Build.0 = Release|Any CPU
	EndGlobalSection
	GlobalSection(SolutionProperties) = preSolution
		HideSolutionNode = FALSE
	EndGlobalSection
EndGlobal
